{
    "_readme": [
        "This file locks the dependencies of your project to a known state",
        "Read more about it at https://getcomposer.org/doc/01-basic-usage.md#composer-lock-the-lock-file",
        "This file is @generated automatically"
    ],
    "content-hash": "6e8ec476b2fe35108015433da1ac4f0b",
    "packages": [
        {
            "name": "ezyang/htmlpurifier",
            "version": "dev-master",
            "source": {
                "type": "git",
                "url": "https://github.com/ezyang/htmlpurifier.git",
                "reference": "5988f2958346b0f8f3acee0de36ff8954594c64b"
            },
            "dist": {
                "type": "zip",
                "url": "https://api.github.com/repos/ezyang/htmlpurifier/zipball/5988f2958346b0f8f3acee0de36ff8954594c64b",
                "reference": "5988f2958346b0f8f3acee0de36ff8954594c64b",
                "shasum": ""
            },
            "require": {
                "php": ">=5.2"
            },
            "require-dev": {
                "simpletest/simpletest": "^1.1"
            },
            "type": "library",
            "autoload": {
                "psr-0": {
                    "HTMLPurifier": "library/"
                },
                "files": [
                    "library/HTMLPurifier.composer.php"
                ]
            },
            "notification-url": "https://packagist.org/downloads/",
            "license": [
                "LGPL"
            ],
            "authors": [
                {
                    "name": "Edward Z. Yang",
                    "email": "admin@htmlpurifier.org",
                    "homepage": "http://ezyang.com"
                }
            ],
            "description": "Standards compliant HTML filter written in PHP",
            "homepage": "http://htmlpurifier.org/",
            "keywords": [
                "html"
            ],
            "time": "2017-10-08T23:52:05+00:00"
        },
        {
            "name": "mikegioia/pdo",
            "version": "dev-master",
            "source": {
                "type": "git",
                "url": "https://github.com/mikegioia/Slim-PDO.git",
                "reference": "d0aea81ead68dfb074d68fe4c0017ad5a0ee2499"
            },
            "dist": {
                "type": "zip",
                "url": "https://api.github.com/repos/mikegioia/Slim-PDO/zipball/d0aea81ead68dfb074d68fe4c0017ad5a0ee2499",
                "reference": "d0aea81ead68dfb074d68fe4c0017ad5a0ee2499",
                "shasum": ""
            },
            "require": {
                "ext-pdo": "*",
                "php": ">=5.3.0"
            },
            "type": "library",
            "autoload": {
                "psr-4": {
                    "Slim\\PDO\\": "src/PDO/"
                }
            },
            "license": [
                "MIT"
            ],
            "authors": [
                {
                    "name": "Fabian de Laender",
                    "email": "fabian@faapz.nl",
                    "homepage": "http://faapz.nl",
                    "role": "Developer"
                },
                {
                    "name": "Mike Gioia",
                    "homepage": "http://mikegioia.com",
                    "email": "mikegioia@gmail.com"
                }
            ],
            "description": "PDO database library for Slim Framework",
            "homepage": "https://github.com/mikegioia/Slim-PDO",
            "keywords": [
                "database",
                "framework",
                "pdo",
                "slim"
            ],
            "support": {
                "issues": "https://github.com/mikegioia/Slim-PDO/issues",
                "docs": "https://github.com/mikegioia/Slim-PDO/blob/master/docs/README.md",
                "source": "https://github.com/mikegioia/Slim-PDO/tree/master"
            },
            "time": "2017-03-25T21:37:24+00:00"
        },
        {
            "name": "zendframework/zend-escaper",
            "version": "2.5.2",
            "source": {
                "type": "git",
                "url": "https://github.com/zendframework/zend-escaper.git",
                "reference": "2dcd14b61a72d8b8e27d579c6344e12c26141d4e"
            },
            "dist": {
                "type": "zip",
                "url": "https://api.github.com/repos/zendframework/zend-escaper/zipball/2dcd14b61a72d8b8e27d579c6344e12c26141d4e",
                "reference": "2dcd14b61a72d8b8e27d579c6344e12c26141d4e",
                "shasum": ""
            },
            "require": {
                "php": ">=5.5"
            },
            "require-dev": {
                "fabpot/php-cs-fixer": "1.7.*",
                "phpunit/phpunit": "~4.0"
            },
            "type": "library",
            "extra": {
                "branch-alias": {
                    "dev-master": "2.5-dev",
                    "dev-develop": "2.6-dev"
                }
            },
            "autoload": {
                "psr-4": {
                    "Zend\\Escaper\\": "src/"
                }
            },
            "notification-url": "https://packagist.org/downloads/",
            "license": [
                "BSD-3-Clause"
            ],
            "homepage": "https://github.com/zendframework/zend-escaper",
            "keywords": [
                "escaper",
                "zf2"
            ],
            "time": "2016-06-30T19:48:38+00:00"
        }
    ],
    "packages-dev": [],
    "aliases": [],
    "minimum-stability": "stable",
    "stability-flags": {
        "mikegioia/pdo": 20,
        "ezyang/htmlpurifier": 20
    },
    "prefer-stable": false,
    "prefer-lowest": false,
    "platform": {
        "php": "^5.6|^7.0",
        "ext-pdo": "*",
        "ext-mbstring": "*"
    },
    "platform-dev": []
}
